
Microsoft Visual Studio Solution File, Format Version 12.00
# Visual Studio 2012
Project("{FAE04EC0-301F-11D3-BF4B-00C04F79EFBC}") = "Kevin's Knitting Pattern Generator", "WindowsFormsApplication1\Kevin's Knitting Pattern Generator.csproj", "{03061E8D-502C-4B92-B442-7C7E45CEA7BF}"
EndProject
Global
	GlobalSection(SolutionConfigurationPlatforms) = preSolution
		Debug|x86 = Debug|x86
		Release|x86 = Release|x86
	EndGlobalSection
	GlobalSection(ProjectConfigurationPlatforms) = postSolution
		{03061E8D-502C-4B92-B442-7C7E45CEA7BF}.Debug|x86.ActiveCfg = Debug|x86
		{03061E8D-502C-4B92-B442-7C7E45CEA7BF}.Debug|x86.Build.0 = Debug|x86
		{03061E8D-502C-4B92-B442-7C7E45CEA7BF}.Release|x86.ActiveCfg = Release|x86
		{03061E8D-502C-4B92-B442-7C7E45CEA7BF}.Release|x86.Build.0 = Release|x86
	EndGlobalSection
	GlobalSection(SolutionProperties) = preSolution
		HideSolutionNode = FALSE
	EndGlobalSection
EndGlobal
